
Microsoft Visual Studio Solution File, Format Version 12.00
# Visual Studio Version 17
Project("{8BC9CEB8-8B4A-11D0-8D11-00A0C91BC942}") = "ALL_BUILD", "ALL_BUILD.vcxproj", "{B49014DC-195A-3F3A-839D-7037CC0F2EF3}"
	ProjectSection(ProjectDependencies) = postProject
		{549BC3A4-0830-3488-A472-7AC7001EFDB9} = {549BC3A4-0830-3488-A472-7AC7001EFDB9}
		{300D0BB9-F9A7-310E-BC97-4B52C4D14ED3} = {300D0BB9-F9A7-310E-BC97-4B52C4D14ED3}
	EndProjectSection
EndProject
Project("{8BC9CEB8-8B4A-11D0-8D11-00A0C91BC942}") = "ZERO_CHECK", "ZERO_CHECK.vcxproj", "{549BC3A4-0830-3488-A472-7AC7001EFDB9}"
	ProjectSection(ProjectDependencies) = postProject
	EndProjectSection
EndProject
Project("{8BC9CEB8-8B4A-11D0-8D11-00A0C91BC942}") = "exercise_1", "exercise_1.vcxproj", "{300D0BB9-F9A7-310E-BC97-4B52C4D14ED3}"
	ProjectSection(ProjectDependencies) = postProject
		{549BC3A4-0830-3488-A472-7AC7001EFDB9} = {549BC3A4-0830-3488-A472-7AC7001EFDB9}
	EndProjectSection
EndProject
Global
	GlobalSection(SolutionConfigurationPlatforms) = preSolution
		Debug|x64 = Debug|x64
		Release|x64 = Release|x64
		MinSizeRel|x64 = MinSizeRel|x64
		RelWithDebInfo|x64 = RelWithDebInfo|x64
	EndGlobalSection
	GlobalSection(ProjectConfigurationPlatforms) = postSolution
		{B49014DC-195A-3F3A-839D-7037CC0F2EF3}.Debug|x64.ActiveCfg = Debug|x64
		{B49014DC-195A-3F3A-839D-7037CC0F2EF3}.Release|x64.ActiveCfg = Release|x64
		{B49014DC-195A-3F3A-839D-7037CC0F2EF3}.MinSizeRel|x64.ActiveCfg = MinSizeRel|x64
		{B49014DC-195A-3F3A-839D-7037CC0F2EF3}.RelWithDebInfo|x64.ActiveCfg = RelWithDebInfo|x64
		{549BC3A4-0830-3488-A472-7AC7001EFDB9}.Debug|x64.ActiveCfg = Debug|x64
		{549BC3A4-0830-3488-A472-7AC7001EFDB9}.Debug|x64.Build.0 = Debug|x64
		{549BC3A4-0830-3488-A472-7AC7001EFDB9}.Release|x64.ActiveCfg = Release|x64
		{549BC3A4-0830-3488-A472-7AC7001EFDB9}.Release|x64.Build.0 = Release|x64
		{549BC3A4-0830-3488-A472-7AC7001EFDB9}.MinSizeRel|x64.ActiveCfg = MinSizeRel|x64
		{549BC3A4-0830-3488-A472-7AC7001EFDB9}.MinSizeRel|x64.Build.0 = MinSizeRel|x64
		{549BC3A4-0830-3488-A472-7AC7001EFDB9}.RelWithDebInfo|x64.ActiveCfg = RelWithDebInfo|x64
		{549BC3A4-0830-3488-A472-7AC7001EFDB9}.RelWithDebInfo|x64.Build.0 = RelWithDebInfo|x64
		{300D0BB9-F9A7-310E-BC97-4B52C4D14ED3}.Debug|x64.ActiveCfg = Debug|x64
		{300D0BB9-F9A7-310E-BC97-4B52C4D14ED3}.Debug|x64.Build.0 = Debug|x64
		{300D0BB9-F9A7-310E-BC97-4B52C4D14ED3}.Release|x64.ActiveCfg = Release|x64
		{300D0BB9-F9A7-310E-BC97-4B52C4D14ED3}.Release|x64.Build.0 = Release|x64
		{300D0BB9-F9A7-310E-BC97-4B52C4D14ED3}.MinSizeRel|x64.ActiveCfg = MinSizeRel|x64
		{300D0BB9-F9A7-310E-BC97-4B52C4D14ED3}.MinSizeRel|x64.Build.0 = MinSizeRel|x64
		{300D0BB9-F9A7-310E-BC97-4B52C4D14ED3}.RelWithDebInfo|x64.ActiveCfg = RelWithDebInfo|x64
		{300D0BB9-F9A7-310E-BC97-4B52C4D14ED3}.RelWithDebInfo|x64.Build.0 = RelWithDebInfo|x64
	EndGlobalSection
	GlobalSection(ExtensibilityGlobals) = postSolution
		SolutionGuid = {72D3A9D3-2790-3511-B2F4-75A12E28BA4C}
	EndGlobalSection
	GlobalSection(ExtensibilityAddIns) = postSolution
	EndGlobalSection
EndGlobal
